version = 1
requires-python = ">=3.12"

[[package]]
name = "appscript"
version = "1.3.0"
source = { registry = "https://pypi.org/simple" }
dependencies = [
    { name = "lxml" },
]
sdist = { url = "https://files.pythonhosted.org/packages/a3/84/5c0aec149c6a002d46af17e3d2c5efbe5e8258ef7574cfc17cd1b26c726e/appscript-1.3.0.tar.gz", hash = "sha256:80943118bc97f9f78a8aa55f85565752ed4d82c7893427d7d9ebfdf401c12b2c", size = 295205 }
wheels = [
    { url = "https://files.pythonhosted.org/packages/b8/e2/05fd221bea1d309211569130a1a8f0966eb56394e46df068a69df0f29d61/appscript-1.3.0-cp312-cp312-macosx_10_13_universal2.whl", hash = "sha256:c0b5c160908de728072d4a0ae57f286608c5d7692bfccbc6eadde868aac2742b", size = 99575 },
    { url = "https://files.pythonhosted.org/packages/df/2f/3ee4190ce97b0b39df58184210d3baaa5fe59ae0972e63c2c85f122ca887/appscript-1.3.0-cp312-cp312-macosx_10_13_x86_64.whl", hash = "sha256:d2a287b81030c81017127d4fb1c24729623576c50d2ff41694476b9af3ce0a97", size = 85496 },
    { url = "https://files.pythonhosted.org/packages/92/5a/3b642e3e904fb37d45e40bb07b4362979160bdecb0d37aa74f2506b1a47e/appscript-1.3.0-cp313-cp313-macosx_10_13_universal2.whl", hash = "sha256:13094640e2694b888827d4e133f33dad1e08c9d7102b447c3cc8a73246fdab40", size = 99574 },
    { url = "https://files.pythonhosted.org/packages/5c/bc/d8558bec737e02a9c404fb3b985b8636c313bb65a176375d551cb839e876/appscript-1.3.0-cp313-cp313-macosx_10_13_x86_64.whl", hash = "sha256:e7b4760105810e9b1ecd5b40aba7617e0a047346fb94ee4370e9d37e4383b78d", size = 85503 },
]

[[package]]
name = "click"
version = "8.1.7"
source = { registry = "https://pypi.org/simple" }
dependencies = [
    { name = "colorama", marker = "sys_platform == 'win32'" },
]
sdist = { url = "https://files.pythonhosted.org/packages/96/d3/f04c7bfcf5c1862a2a5b845c6b2b360488cf47af55dfa79c98f6a6bf98b5/click-8.1.7.tar.gz", hash = "sha256:ca9853ad459e787e2192211578cc907e7594e294c7ccc834310722b41b9ca6de", size = 336121 }
wheels = [
    { url = "https://files.pythonhosted.org/packages/00/2e/d53fa4befbf2cfa713304affc7ca780ce4fc1fd8710527771b58311a3229/click-8.1.7-py3-none-any.whl", hash = "sha256:ae74fb96c20a0277a1d615f1e4d73c8414f5a98db8b799a7931d1582f3390c28", size = 97941 },
]

[[package]]
name = "colorama"
version = "0.4.6"
source = { registry = "https://pypi.org/simple" }
sdist = { url = "https://files.pythonhosted.org/packages/d8/53/6f443c9a4a8358a93a6792e2acffb9d9d5cb0a5cfd8802644b7b1c9a02e4/colorama-0.4.6.tar.gz", hash = "sha256:08695f5cb7ed6e0531a20572697297273c47b8cae5a63ffc6d6ed5c201be6e44", size = 27697 }
wheels = [
    { url = "https://files.pythonhosted.org/packages/d1/d6/3965ed04c63042e047cb6a3e6ed1a63a35087b6a609aa3a15ed8ac56c221/colorama-0.4.6-py2.py3-none-any.whl", hash = "sha256:4f1d9991f5acc0ca119f9d443620b77f9d6b33703e51011c16baf57afb285fc6", size = 25335 },
]

[[package]]
name = "dotfiles"
version = "0.1.0"
source = { virtual = "." }
dependencies = [
    { name = "click" },
    { name = "python-decouple" },
    { name = "shpyx" },
    { name = "xlwings" },
]

[package.metadata]
requires-dist = [
    { name = "click", specifier = ">=8.1.7" },
    { name = "python-decouple", specifier = ">=3.8" },
    { name = "shpyx", specifier = ">=0.0.32" },
    { name = "xlwings", specifier = ">=0.33.5" },
]

[[package]]
name = "lxml"
version = "5.3.0"
source = { registry = "https://pypi.org/simple" }
sdist = { url = "https://files.pythonhosted.org/packages/e7/6b/20c3a4b24751377aaa6307eb230b66701024012c29dd374999cc92983269/lxml-5.3.0.tar.gz", hash = "sha256:4e109ca30d1edec1ac60cdbe341905dc3b8f55b16855e03a54aaf59e51ec8c6f", size = 3679318 }
wheels = [
    { url = "https://files.pythonhosted.org/packages/eb/6d/d1f1c5e40c64bf62afd7a3f9b34ce18a586a1cccbf71e783cd0a6d8e8971/lxml-5.3.0-cp312-cp312-macosx_10_9_universal2.whl", hash = "sha256:e99f5507401436fdcc85036a2e7dc2e28d962550afe1cbfc07c40e454256a859", size = 8171753 },
    { url = "https://files.pythonhosted.org/packages/bd/83/26b1864921869784355459f374896dcf8b44d4af3b15d7697e9156cb2de9/lxml-5.3.0-cp312-cp312-macosx_10_9_x86_64.whl", hash = "sha256:384aacddf2e5813a36495233b64cb96b1949da72bef933918ba5c84e06af8f0e", size = 4441955 },
    { url = "https://files.pythonhosted.org/packages/94/6a/42141e4d373903bfea6f8e94b2f554d05506dfda522ada5343c651410dc8/lxml-5.3.0-cp313-cp313-macosx_10_13_universal2.whl", hash = "sha256:8c72e9563347c7395910de6a3100a4840a75a6f60e05af5e58566868d5eb2d6a", size = 8156284 },
    { url = "https://files.pythonhosted.org/packages/91/5e/fa097f0f7d8b3d113fb7312c6308af702f2667f22644441715be961f2c7e/lxml-5.3.0-cp313-cp313-macosx_10_13_x86_64.whl", hash = "sha256:e92ce66cd919d18d14b3856906a61d3f6b6a8500e0794142338da644260595cd", size = 4432407 },
]

[[package]]
name = "psutil"
version = "6.1.1"
source = { registry = "https://pypi.org/simple" }
sdist = { url = "https://files.pythonhosted.org/packages/1f/5a/07871137bb752428aa4b659f910b399ba6f291156bdea939be3e96cae7cb/psutil-6.1.1.tar.gz", hash = "sha256:cf8496728c18f2d0b45198f06895be52f36611711746b7f30c464b422b50e2f5", size = 508502 }
wheels = [
    { url = "https://files.pythonhosted.org/packages/61/99/ca79d302be46f7bdd8321089762dd4476ee725fce16fc2b2e1dbba8cac17/psutil-6.1.1-cp36-abi3-macosx_10_9_x86_64.whl", hash = "sha256:fc0ed7fe2231a444fc219b9c42d0376e0a9a1a72f16c5cfa0f68d19f1a0663e8", size = 247511 },
    { url = "https://files.pythonhosted.org/packages/0b/6b/73dbde0dd38f3782905d4587049b9be64d76671042fdcaf60e2430c6796d/psutil-6.1.1-cp36-abi3-macosx_11_0_arm64.whl", hash = "sha256:0bdd4eab935276290ad3cb718e9809412895ca6b5b334f5a9111ee6d9aff9377", size = 248985 },
]

[[package]]
name = "python-decouple"
version = "3.8"
source = { registry = "https://pypi.org/simple" }
sdist = { url = "https://files.pythonhosted.org/packages/e1/97/373dcd5844ec0ea5893e13c39a2c67e7537987ad8de3842fe078db4582fa/python-decouple-3.8.tar.gz", hash = "sha256:ba6e2657d4f376ecc46f77a3a615e058d93ba5e465c01bbe57289bfb7cce680f", size = 9612 }
wheels = [
    { url = "https://files.pythonhosted.org/packages/a2/d4/9193206c4563ec771faf2ccf54815ca7918529fe81f6adb22ee6d0e06622/python_decouple-3.8-py3-none-any.whl", hash = "sha256:d0d45340815b25f4de59c974b855bb38d03151d81b037d9e3f463b0c9f8cbd66", size = 9947 },
]

[[package]]
name = "pywin32"
version = "308"
source = { registry = "https://pypi.org/simple" }
wheels = [
    { url = "https://files.pythonhosted.org/packages/00/7c/d00d6bdd96de4344e06c4afbf218bc86b54436a94c01c71a8701f613aa56/pywin32-308-cp312-cp312-win32.whl", hash = "sha256:587f3e19696f4bf96fde9d8a57cec74a57021ad5f204c9e627e15c33ff568897", size = 5939729 },
    { url = "https://files.pythonhosted.org/packages/21/27/0c8811fbc3ca188f93b5354e7c286eb91f80a53afa4e11007ef661afa746/pywin32-308-cp312-cp312-win_amd64.whl", hash = "sha256:00b3e11ef09ede56c6a43c71f2d31857cf7c54b0ab6e78ac659497abd2834f47", size = 6543015 },
    { url = "https://files.pythonhosted.org/packages/9d/0f/d40f8373608caed2255781a3ad9a51d03a594a1248cd632d6a298daca693/pywin32-308-cp312-cp312-win_arm64.whl", hash = "sha256:9b4de86c8d909aed15b7011182c8cab38c8850de36e6afb1f0db22b8959e3091", size = 7976033 },
    { url = "https://files.pythonhosted.org/packages/a9/a4/aa562d8935e3df5e49c161b427a3a2efad2ed4e9cf81c3de636f1fdddfd0/pywin32-308-cp313-cp313-win32.whl", hash = "sha256:1c44539a37a5b7b21d02ab34e6a4d314e0788f1690d65b48e9b0b89f31abbbed", size = 5938579 },
    { url = "https://files.pythonhosted.org/packages/c7/50/b0efb8bb66210da67a53ab95fd7a98826a97ee21f1d22949863e6d588b22/pywin32-308-cp313-cp313-win_amd64.whl", hash = "sha256:fd380990e792eaf6827fcb7e187b2b4b1cede0585e3d0c9e84201ec27b9905e4", size = 6542056 },
    { url = "https://files.pythonhosted.org/packages/26/df/2b63e3e4f2df0224f8aaf6d131f54fe4e8c96400eb9df563e2aae2e1a1f9/pywin32-308-cp313-cp313-win_arm64.whl", hash = "sha256:ef313c46d4c18dfb82a2431e3051ac8f112ccee1a34f29c263c583c568db63cd", size = 7974986 },
]

[[package]]
name = "shpyx"
version = "0.0.32"
source = { registry = "https://pypi.org/simple" }
sdist = { url = "https://files.pythonhosted.org/packages/9c/80/9323a3ebf11d24d16d897f69733e121bc1beaac7cfa513b8254224cca776/shpyx-0.0.32.tar.gz", hash = "sha256:4ac7387bb1f20a68e54891c50466ce725b57c23ca0c730f3499665e002479a13", size = 10578 }
wheels = [
    { url = "https://files.pythonhosted.org/packages/c5/60/c03fbe63508c4592135aa37444862344630450e736aa610d7d877a606f6e/shpyx-0.0.32-py3-none-any.whl", hash = "sha256:87ec828b3ebca9f072c7f43f648472fa3773a797a689d5e25496ccd4ca75b1a7", size = 10504 },
]

[[package]]
name = "xlwings"
version = "0.33.5"
source = { registry = "https://pypi.org/simple" }
dependencies = [
    { name = "appscript", marker = "sys_platform == 'darwin'" },
    { name = "psutil", marker = "sys_platform == 'darwin'" },
    { name = "pywin32", marker = "sys_platform == 'win32'" },
]
sdist = { url = "https://files.pythonhosted.org/packages/93/2c/c26316256fa58b8d20a6edfa0c5050004fc5b8c102abe3532fe631be0d40/xlwings-0.33.5.tar.gz", hash = "sha256:c57d83eadd068a5f1fa45898be0f433281284ca3f9dd180b1a26b1d691a72211", size = 1088079 }
wheels = [
    { url = "https://files.pythonhosted.org/packages/85/a2/17bda65e29e51eef514a64862ec40a35cccbee41fa1a87407775ba3dd8e6/xlwings-0.33.5-cp312-cp312-macosx_10_12_x86_64.whl", hash = "sha256:f4a5b9de8f72df5a034b35e727da801376237e643008b22c40d544ae4b220700", size = 1408902 },
    { url = "https://files.pythonhosted.org/packages/3d/82/4165c76f4a50e94b11ee69e1b7a52515acbfc83efb94ca12a438a0850876/xlwings-0.33.5-cp312-cp312-macosx_11_0_arm64.whl", hash = "sha256:7305c29b6776deabd59bfccc268ae7aae9c1b1e4b76675fe164fb6f5de452867", size = 1394900 },
    { url = "https://files.pythonhosted.org/packages/e5/4c/75dda90700e6a31a45a55d231082bb24fb5c89db1bf83eed6067bfcc6d24/xlwings-0.33.5-cp312-cp312-manylinux_2_17_aarch64.manylinux2014_aarch64.whl", hash = "sha256:2f91f28f2411f2786c26eeed8415e1e9bd0a43b6ea3a6b46960bd235a147813c", size = 1457022 },
    { url = "https://files.pythonhosted.org/packages/0a/d6/d6cb903901ad261c332ec65dc60af773a06d8417db40cd9913b41fb90dfe/xlwings-0.33.5-cp312-cp312-manylinux_2_17_armv7l.manylinux2014_armv7l.whl", hash = "sha256:b91b3bcec372ad5838261909b0c89f962000c85ff8f8164614f6f3d2881a4358", size = 1459012 },
    { url = "https://files.pythonhosted.org/packages/53/32/c2f403fd8b807da20868f99509d8c35f64360eb601ecbc018831bdae9736/xlwings-0.33.5-cp312-cp312-manylinux_2_17_x86_64.manylinux2014_x86_64.whl", hash = "sha256:3aa49da871545fdb87876e5da8c14e181ea68f563464c258c933eea464753a7a", size = 1466158 },
    { url = "https://files.pythonhosted.org/packages/10/d1/81409a4595f8cc5dd45ce6d03cbef866797ac56dac35f0e2c6c7fdc75e16/xlwings-0.33.5-cp312-cp312-musllinux_1_1_aarch64.whl", hash = "sha256:66ca14f860328bb5607af3ce615e5a6b558f292c296360642ce48b3a43061c95", size = 1635093 },
    { url = "https://files.pythonhosted.org/packages/56/c9/55a792699a9c9f19256650471aa8236a4de9ebf5c857b3b964eb6d7543ac/xlwings-0.33.5-cp312-cp312-musllinux_1_1_x86_64.whl", hash = "sha256:3d17018e8e02a7a7465a2c9343c38d92ec692d07dd847935454fc924c2e37f44", size = 1637558 },
    { url = "https://files.pythonhosted.org/packages/b8/7d/f76f57c74c75b47b6ddabc6690aad4b9e195bb21d759ce864f0f80966ba0/xlwings-0.33.5-cp312-cp312-win_amd64.whl", hash = "sha256:53720f90cc37548f3830f6edf77e3a16297906e9c386ee4628e46b610aa8b5bb", size = 1623915 },
    { url = "https://files.pythonhosted.org/packages/b9/aa/8eb6aba63f980b180acdd6303243ae164d7cb61111fd800c334a7f56899a/xlwings-0.33.5-cp313-cp313-macosx_10_12_x86_64.whl", hash = "sha256:7c75c21478890a15e831e42b85f5396276dbe4963c581d3030aeb84ac95a5970", size = 1408902 },
    { url = "https://files.pythonhosted.org/packages/52/62/e358d8d91297110f4c03ec44cd44a6a306bd791165c36e7a1ab41b07ea89/xlwings-0.33.5-cp313-cp313-macosx_11_0_arm64.whl", hash = "sha256:0b354eb04576cbcae54740e5493203272ed4f3d9bb9971a1c685c2af66a1ec3f", size = 1394901 },
    { url = "https://files.pythonhosted.org/packages/16/8f/b9228958ce0a2db4701f2e166551dc0e536b1947c37952efe42ba723c1c7/xlwings-0.33.5-cp313-cp313-manylinux_2_17_aarch64.manylinux2014_aarch64.whl", hash = "sha256:d0baa277e436b0d0041d874ddcfe29b9c6564b069965977f8cc79cd6bf92a21f", size = 1457022 },
    { url = "https://files.pythonhosted.org/packages/34/f3/05a3d6bc42d5e3ff790b0604bbe4c5a71578d3fba95ea8f128eb541affd0/xlwings-0.33.5-cp313-cp313-manylinux_2_17_armv7l.manylinux2014_armv7l.whl", hash = "sha256:f228bff3332b042cbe3eb9a9d7059ae60f90c0b5555fa0ff0e8c77b1d072898b", size = 1459011 },
    { url = "https://files.pythonhosted.org/packages/94/90/aa92b1206cb34d8abd16e5276d28997aaa8871961f8c817d2dee1195db60/xlwings-0.33.5-cp313-cp313-manylinux_2_17_x86_64.manylinux2014_x86_64.whl", hash = "sha256:f6d1745201c019d7af54bd5b5df316500aff386889c35af9c856115b93463e6a", size = 1466158 },
    { url = "https://files.pythonhosted.org/packages/4d/c3/8bf0a586a28e4f311b6db0bc5f8a97f00d8b1d0912bb39ef2ea7478d92eb/xlwings-0.33.5-cp313-cp313-musllinux_1_1_aarch64.whl", hash = "sha256:b32a9cf06a1689a40a628990172b3a4c6f51fd49f0d4fa55db4fafde7d87d67b", size = 1635094 },
    { url = "https://files.pythonhosted.org/packages/42/bc/3189f4de924597d2de3f8befd6d166d8f963aa77ec9eedcec0278dbd696b/xlwings-0.33.5-cp313-cp313-musllinux_1_1_x86_64.whl", hash = "sha256:c6579a7939a99332c48d4bccb6f4f151a2e8b2419d51b13dfef6b8206f57d0ec", size = 1637558 },
    { url = "https://files.pythonhosted.org/packages/68/e9/f2146599d8d8de2eaedc01a9ecac61c7ee6e3f4826327531c2a0583c7c08/xlwings-0.33.5-cp313-cp313-win_amd64.whl", hash = "sha256:7344adab5d0432006f6ee2dda14aa92e3ab269adddf2116aa00dfb6379ea13c8", size = 1623916 },
    { url = "https://files.pythonhosted.org/packages/0a/ac/2531dc711df99fbc8be188b58a3661bfac0f2e6fd3b15699d5fc300004b2/xlwings-0.33.5-py3-none-any.whl", hash = "sha256:9143882231dc4f32fcfb67e4dc16b857bb500de178473552003891ddc6b57ced", size = 730551 },
]
